
Microsoft Visual Studio Solution File, Format Version 12.00
# Visual Studio Version 17
VisualStudioVersion = 17.0.31521.260
MinimumVisualStudioVersion = 10.0.40219.1
Project("{9A19103F-16F7-4668-BE54-9A1E7A4F7556}") = "Sukt.Module.Core", "src\Sukt.Module.Core\Sukt.Module.Core.csproj", "{DA69384D-2B6A-4BEB-8A77-99C3B05F37CF}"
EndProject
Project("{9A19103F-16F7-4668-BE54-9A1E7A4F7556}") = "Sukt.EntityFrameworkCore", "src\Sukt.EntityFrameworkCore\Sukt.EntityFrameworkCore.csproj", "{667951A5-C1F3-4E97-8979-4F8A22A6E543}"
EndProject
Project("{9A19103F-16F7-4668-BE54-9A1E7A4F7556}") = "Sukt.CodeGenerator", "src\Sukt.CodeGenerator\Sukt.CodeGenerator.csproj", "{952834BA-DE55-4917-B128-B8783D5C980B}"
EndProject
Project("{9A19103F-16F7-4668-BE54-9A1E7A4F7556}") = "Sukt.TestBase", "src\Sukt.TestBase\Sukt.TestBase.csproj", "{4A8F3750-FF1A-46FF-87A1-BECE6BA357A0}"
EndProject
Project("{9A19103F-16F7-4668-BE54-9A1E7A4F7556}") = "Sukt.Swagger", "src\Sukt.Swagger\Sukt.Swagger.csproj", "{06C157B4-EB9E-49A2-84B8-B33D1DCF8B17}"
EndProject
Project("{9A19103F-16F7-4668-BE54-9A1E7A4F7556}") = "Sukt.SeriLog", "src\Sukt.SeriLog\Sukt.SeriLog.csproj", "{B84973ED-22F0-4AFD-B138-931A506CFB53}"
EndProject
Project("{9A19103F-16F7-4668-BE54-9A1E7A4F7556}") = "Sukt.MultiTenancy", "src\Sukt.MultiTenancy\Sukt.MultiTenancy.csproj", "{C716F9D7-1E52-48C3-A082-C523A1CD9EBB}"
EndProject
Project("{9A19103F-16F7-4668-BE54-9A1E7A4F7556}") = "Sukt.MongoDB", "src\Sukt.MongoDB\Sukt.MongoDB.csproj", "{AFA2C586-54CF-4AE5-8CE2-43343E04CB5B}"
EndProject
Project("{9A19103F-16F7-4668-BE54-9A1E7A4F7556}") = "Sukt.Caching", "src\Sukt.Caching\Sukt.Caching.csproj", "{88337B1A-7593-45DB-9556-6F45D3B53A27}"
EndProject
Project("{9A19103F-16F7-4668-BE54-9A1E7A4F7556}") = "Sukt.AutoMapper", "src\Sukt.AutoMapper\Sukt.AutoMapper.csproj", "{CE9FD2A2-5E61-4B87-BE25-76B8A19B0E3F}"
EndProject
Project("{9A19103F-16F7-4668-BE54-9A1E7A4F7556}") = "Sukt.AspNetCore", "src\Sukt.AspNetCore\Sukt.AspNetCore.csproj", "{D91EAC66-8F67-42CB-9759-3312801280D3}"
EndProject
Project("{9A19103F-16F7-4668-BE54-9A1E7A4F7556}") = "Sukt.Aop", "src\Sukt.Aop\Sukt.Aop.csproj", "{B8DF671D-70EB-420C-8911-7A26E0082CA7}"
EndProject
Project("{9A19103F-16F7-4668-BE54-9A1E7A4F7556}") = "Sukt.Redis", "src\Sukt.Redis\Sukt.Redis.csproj", "{B0D75B6D-2892-48C4-833A-123D8B92702E}"
EndProject
Project("{9A19103F-16F7-4668-BE54-9A1E7A4F7556}") = "Sukt.Tests", "test\Sukt.Tests\Sukt.Tests.csproj", "{7C2374E8-D7AD-47D4-896A-A90F4B6B82C7}"
EndProject
Project("{2150E333-8FDC-42A3-9474-1A3956D46DE8}") = "tests", "tests", "{45EE9008-E96B-433C-8317-7FFAC44B89FF}"
EndProject
Project("{9A19103F-16F7-4668-BE54-9A1E7A4F7556}") = "Sukt.WebSocketServer", "src\Sukt.WebSocketServer\Sukt.WebSocketServer.csproj", "{E7254C24-80A4-4E7B-9B91-D4E2B0A6DDB1}"
EndProject
Project("{2150E333-8FDC-42A3-9474-1A3956D46DE8}") = "modules", "modules", "{ADDBEA05-372F-457C-8F72-8C1F846D6074}"
EndProject
Project("{9A19103F-16F7-4668-BE54-9A1E7A4F7556}") = "Sukt.MQCAP", "src\Sukt.MQCAP\Sukt.MQCAP.csproj", "{E430BC34-B169-4D75-B76C-55608AA7EF2E}"
EndProject
Project("{2150E333-8FDC-42A3-9474-1A3956D46DE8}") = "Solution Items", "Solution Items", "{304ED62C-4499-43D2-B42A-D600B8A4F425}"
	ProjectSection(SolutionItems) = preProject
		.editorconfig = .editorconfig
	EndProjectSection
EndProject
Project("{2150E333-8FDC-42A3-9474-1A3956D46DE8}") = "samples", "samples", "{AEDDE7F2-6A21-4C3B-97D6-1FF700F88EE5}"
EndProject
Project("{FAE04EC0-301F-11D3-BF4B-00C04F79EFBC}") = "SuktMQCAP.RabbitMQ", "samples\SuktMQCAP.RabbitMQ\SuktMQCAP.RabbitMQ.csproj", "{F0A84706-B0CC-4A28-B625-3F600B14A7B3}"
EndProject
Global
	GlobalSection(SolutionConfigurationPlatforms) = preSolution
		Debug|Any CPU = Debug|Any CPU
		Release|Any CPU = Release|Any CPU
	EndGlobalSection
	GlobalSection(ProjectConfigurationPlatforms) = postSolution
		{DA69384D-2B6A-4BEB-8A77-99C3B05F37CF}.Debug|Any CPU.ActiveCfg = Debug|Any CPU
		{DA69384D-2B6A-4BEB-8A77-99C3B05F37CF}.Debug|Any CPU.Build.0 = Debug|Any CPU
		{DA69384D-2B6A-4BEB-8A77-99C3B05F37CF}.Release|Any CPU.ActiveCfg = Release|Any CPU
		{DA69384D-2B6A-4BEB-8A77-99C3B05F37CF}.Release|Any CPU.Build.0 = Release|Any CPU
		{667951A5-C1F3-4E97-8979-4F8A22A6E543}.Debug|Any CPU.ActiveCfg = Debug|Any CPU
		{667951A5-C1F3-4E97-8979-4F8A22A6E543}.Debug|Any CPU.Build.0 = Debug|Any CPU
		{667951A5-C1F3-4E97-8979-4F8A22A6E543}.Release|Any CPU.ActiveCfg = Release|Any CPU
		{667951A5-C1F3-4E97-8979-4F8A22A6E543}.Release|Any CPU.Build.0 = Release|Any CPU
		{952834BA-DE55-4917-B128-B8783D5C980B}.Debug|Any CPU.ActiveCfg = Debug|Any CPU
		{952834BA-DE55-4917-B128-B8783D5C980B}.Debug|Any CPU.Build.0 = Debug|Any CPU
		{952834BA-DE55-4917-B128-B8783D5C980B}.Release|Any CPU.ActiveCfg = Release|Any CPU
		{952834BA-DE55-4917-B128-B8783D5C980B}.Release|Any CPU.Build.0 = Release|Any CPU
		{4A8F3750-FF1A-46FF-87A1-BECE6BA357A0}.Debug|Any CPU.ActiveCfg = Debug|Any CPU
		{4A8F3750-FF1A-46FF-87A1-BECE6BA357A0}.Debug|Any CPU.Build.0 = Debug|Any CPU
		{4A8F3750-FF1A-46FF-87A1-BECE6BA357A0}.Release|Any CPU.ActiveCfg = Release|Any CPU
		{4A8F3750-FF1A-46FF-87A1-BECE6BA357A0}.Release|Any CPU.Build.0 = Release|Any CPU
		{06C157B4-EB9E-49A2-84B8-B33D1DCF8B17}.Debug|Any CPU.ActiveCfg = Debug|Any CPU
		{06C157B4-EB9E-49A2-84B8-B33D1DCF8B17}.Debug|Any CPU.Build.0 = Debug|Any CPU
		{06C157B4-EB9E-49A2-84B8-B33D1DCF8B17}.Release|Any CPU.ActiveCfg = Release|Any CPU
		{06C157B4-EB9E-49A2-84B8-B33D1DCF8B17}.Release|Any CPU.Build.0 = Release|Any CPU
		{B84973ED-22F0-4AFD-B138-931A506CFB53}.Debug|Any CPU.ActiveCfg = Debug|Any CPU
		{B84973ED-22F0-4AFD-B138-931A506CFB53}.Debug|Any CPU.Build.0 = Debug|Any CPU
		{B84973ED-22F0-4AFD-B138-931A506CFB53}.Release|Any CPU.ActiveCfg = Release|Any CPU
		{B84973ED-22F0-4AFD-B138-931A506CFB53}.Release|Any CPU.Build.0 = Release|Any CPU
		{C716F9D7-1E52-48C3-A082-C523A1CD9EBB}.Debug|Any CPU.ActiveCfg = Debug|Any CPU
		{C716F9D7-1E52-48C3-A082-C523A1CD9EBB}.Debug|Any CPU.Build.0 = Debug|Any CPU
		{C716F9D7-1E52-48C3-A082-C523A1CD9EBB}.Release|Any CPU.ActiveCfg = Release|Any CPU
		{C716F9D7-1E52-48C3-A082-C523A1CD9EBB}.Release|Any CPU.Build.0 = Release|Any CPU
		{AFA2C586-54CF-4AE5-8CE2-43343E04CB5B}.Debug|Any CPU.ActiveCfg = Debug|Any CPU
		{AFA2C586-54CF-4AE5-8CE2-43343E04CB5B}.Debug|Any CPU.Build.0 = Debug|Any CPU
		{AFA2C586-54CF-4AE5-8CE2-43343E04CB5B}.Release|Any CPU.ActiveCfg = Release|Any CPU
		{AFA2C586-54CF-4AE5-8CE2-43343E04CB5B}.Release|Any CPU.Build.0 = Release|Any CPU
		{88337B1A-7593-45DB-9556-6F45D3B53A27}.Debug|Any CPU.ActiveCfg = Debug|Any CPU
		{88337B1A-7593-45DB-9556-6F45D3B53A27}.Debug|Any CPU.Build.0 = Debug|Any CPU
		{88337B1A-7593-45DB-9556-6F45D3B53A27}.Release|Any CPU.ActiveCfg = Release|Any CPU
		{88337B1A-7593-45DB-9556-6F45D3B53A27}.Release|Any CPU.Build.0 = Release|Any CPU
		{CE9FD2A2-5E61-4B87-BE25-76B8A19B0E3F}.Debug|Any CPU.ActiveCfg = Debug|Any CPU
		{CE9FD2A2-5E61-4B87-BE25-76B8A19B0E3F}.Debug|Any CPU.Build.0 = Debug|Any CPU
		{CE9FD2A2-5E61-4B87-BE25-76B8A19B0E3F}.Release|Any CPU.ActiveCfg = Release|Any CPU
		{CE9FD2A2-5E61-4B87-BE25-76B8A19B0E3F}.Release|Any CPU.Build.0 = Release|Any CPU
		{D91EAC66-8F67-42CB-9759-3312801280D3}.Debug|Any CPU.ActiveCfg = Debug|Any CPU
		{D91EAC66-8F67-42CB-9759-3312801280D3}.Debug|Any CPU.Build.0 = Debug|Any CPU
		{D91EAC66-8F67-42CB-9759-3312801280D3}.Release|Any CPU.ActiveCfg = Release|Any CPU
		{D91EAC66-8F67-42CB-9759-3312801280D3}.Release|Any CPU.Build.0 = Release|Any CPU
		{B8DF671D-70EB-420C-8911-7A26E0082CA7}.Debug|Any CPU.ActiveCfg = Debug|Any CPU
		{B8DF671D-70EB-420C-8911-7A26E0082CA7}.Debug|Any CPU.Build.0 = Debug|Any CPU
		{B8DF671D-70EB-420C-8911-7A26E0082CA7}.Release|Any CPU.ActiveCfg = Release|Any CPU
		{B8DF671D-70EB-420C-8911-7A26E0082CA7}.Release|Any CPU.Build.0 = Release|Any CPU
		{B0D75B6D-2892-48C4-833A-123D8B92702E}.Debug|Any CPU.ActiveCfg = Debug|Any CPU
		{B0D75B6D-2892-48C4-833A-123D8B92702E}.Debug|Any CPU.Build.0 = Debug|Any CPU
		{B0D75B6D-2892-48C4-833A-123D8B92702E}.Release|Any CPU.ActiveCfg = Release|Any CPU
		{B0D75B6D-2892-48C4-833A-123D8B92702E}.Release|Any CPU.Build.0 = Release|Any CPU
		{7C2374E8-D7AD-47D4-896A-A90F4B6B82C7}.Debug|Any CPU.ActiveCfg = Debug|Any CPU
		{7C2374E8-D7AD-47D4-896A-A90F4B6B82C7}.Debug|Any CPU.Build.0 = Debug|Any CPU
		{7C2374E8-D7AD-47D4-896A-A90F4B6B82C7}.Release|Any CPU.ActiveCfg = Release|Any CPU
		{7C2374E8-D7AD-47D4-896A-A90F4B6B82C7}.Release|Any CPU.Build.0 = Release|Any CPU
		{E7254C24-80A4-4E7B-9B91-D4E2B0A6DDB1}.Debug|Any CPU.ActiveCfg = Debug|Any CPU
		{E7254C24-80A4-4E7B-9B91-D4E2B0A6DDB1}.Debug|Any CPU.Build.0 = Debug|Any CPU
		{E7254C24-80A4-4E7B-9B91-D4E2B0A6DDB1}.Release|Any CPU.ActiveCfg = Release|Any CPU
		{E7254C24-80A4-4E7B-9B91-D4E2B0A6DDB1}.Release|Any CPU.Build.0 = Release|Any CPU
		{E430BC34-B169-4D75-B76C-55608AA7EF2E}.Debug|Any CPU.ActiveCfg = Debug|Any CPU
		{E430BC34-B169-4D75-B76C-55608AA7EF2E}.Debug|Any CPU.Build.0 = Debug|Any CPU
		{E430BC34-B169-4D75-B76C-55608AA7EF2E}.Release|Any CPU.ActiveCfg = Release|Any CPU
		{E430BC34-B169-4D75-B76C-55608AA7EF2E}.Release|Any CPU.Build.0 = Release|Any CPU
		{F0A84706-B0CC-4A28-B625-3F600B14A7B3}.Debug|Any CPU.ActiveCfg = Debug|Any CPU
		{F0A84706-B0CC-4A28-B625-3F600B14A7B3}.Debug|Any CPU.Build.0 = Debug|Any CPU
		{F0A84706-B0CC-4A28-B625-3F600B14A7B3}.Release|Any CPU.ActiveCfg = Release|Any CPU
		{F0A84706-B0CC-4A28-B625-3F600B14A7B3}.Release|Any CPU.Build.0 = Release|Any CPU
	EndGlobalSection
	GlobalSection(SolutionProperties) = preSolution
		HideSolutionNode = FALSE
	EndGlobalSection
	GlobalSection(NestedProjects) = preSolution
		{DA69384D-2B6A-4BEB-8A77-99C3B05F37CF} = {ADDBEA05-372F-457C-8F72-8C1F846D6074}
		{667951A5-C1F3-4E97-8979-4F8A22A6E543} = {ADDBEA05-372F-457C-8F72-8C1F846D6074}
		{952834BA-DE55-4917-B128-B8783D5C980B} = {ADDBEA05-372F-457C-8F72-8C1F846D6074}
		{4A8F3750-FF1A-46FF-87A1-BECE6BA357A0} = {ADDBEA05-372F-457C-8F72-8C1F846D6074}
		{06C157B4-EB9E-49A2-84B8-B33D1DCF8B17} = {ADDBEA05-372F-457C-8F72-8C1F846D6074}
		{B84973ED-22F0-4AFD-B138-931A506CFB53} = {ADDBEA05-372F-457C-8F72-8C1F846D6074}
		{C716F9D7-1E52-48C3-A082-C523A1CD9EBB} = {ADDBEA05-372F-457C-8F72-8C1F846D6074}
		{AFA2C586-54CF-4AE5-8CE2-43343E04CB5B} = {ADDBEA05-372F-457C-8F72-8C1F846D6074}
		{88337B1A-7593-45DB-9556-6F45D3B53A27} = {ADDBEA05-372F-457C-8F72-8C1F846D6074}
		{CE9FD2A2-5E61-4B87-BE25-76B8A19B0E3F} = {ADDBEA05-372F-457C-8F72-8C1F846D6074}
		{D91EAC66-8F67-42CB-9759-3312801280D3} = {ADDBEA05-372F-457C-8F72-8C1F846D6074}
		{B8DF671D-70EB-420C-8911-7A26E0082CA7} = {ADDBEA05-372F-457C-8F72-8C1F846D6074}
		{B0D75B6D-2892-48C4-833A-123D8B92702E} = {ADDBEA05-372F-457C-8F72-8C1F846D6074}
		{7C2374E8-D7AD-47D4-896A-A90F4B6B82C7} = {45EE9008-E96B-433C-8317-7FFAC44B89FF}
		{E7254C24-80A4-4E7B-9B91-D4E2B0A6DDB1} = {ADDBEA05-372F-457C-8F72-8C1F846D6074}
		{E430BC34-B169-4D75-B76C-55608AA7EF2E} = {ADDBEA05-372F-457C-8F72-8C1F846D6074}
		{F0A84706-B0CC-4A28-B625-3F600B14A7B3} = {AEDDE7F2-6A21-4C3B-97D6-1FF700F88EE5}
	EndGlobalSection
	GlobalSection(ExtensibilityGlobals) = postSolution
		SolutionGuid = {70FF5DA8-A0A5-4D80-8423-8316BF74DACE}
	EndGlobalSection
EndGlobal
