
Microsoft Visual Studio Solution File, Format Version 12.00
# Visual Studio Version 17
VisualStudioVersion = 17.0.31521.260
MinimumVisualStudioVersion = 10.0.40219.1
Project("{9A19103F-16F7-4668-BE54-9A1E7A4F7556}") = "Sukt.Module.Core", "src\Sukt.Module.Core\Sukt.Module.Core.csproj", "{DA69384D-2B6A-4BEB-8A77-99C3B05F37CF}"
EndProject
Project("{9A19103F-16F7-4668-BE54-9A1E7A4F7556}") = "Sukt.EntityFrameworkCore", "src\Sukt.EntityFrameworkCore\Sukt.EntityFrameworkCore.csproj", "{667951A5-C1F3-4E97-8979-4F8A22A6E543}"
EndProject
Project("{9A19103F-16F7-4668-BE54-9A1E7A4F7556}") = "Sukt.CodeGenerator", "src\Sukt.CodeGenerator\Sukt.CodeGenerator.csproj", "{952834BA-DE55-4917-B128-B8783D5C980B}"
EndProject
Project("{9A19103F-16F7-4668-BE54-9A1E7A4F7556}") = "Sukt.TestBase", "src\Sukt.TestBase\Sukt.TestBase.csproj", "{4A8F3750-FF1A-46FF-87A1-BECE6BA357A0}"
EndProject
Project("{9A19103F-16F7-4668-BE54-9A1E7A4F7556}") = "Sukt.Swagger", "src\Sukt.Swagger\Sukt.Swagger.csproj", "{06C157B4-EB9E-49A2-84B8-B33D1DCF8B17}"
EndProject
Project("{9A19103F-16F7-4668-BE54-9A1E7A4F7556}") = "Sukt.SeriLog", "src\Sukt.SeriLog\Sukt.SeriLog.csproj", "{B84973ED-22F0-4AFD-B138-931A506CFB53}"
EndProject
Project("{9A19103F-16F7-4668-BE54-9A1E7A4F7556}") = "Sukt.MongoDB", "src\Sukt.MongoDB\Sukt.MongoDB.csproj", "{AFA2C586-54CF-4AE5-8CE2-43343E04CB5B}"
EndProject
Project("{9A19103F-16F7-4668-BE54-9A1E7A4F7556}") = "Sukt.Caching", "src\Sukt.Caching\Sukt.Caching.csproj", "{88337B1A-7593-45DB-9556-6F45D3B53A27}"
EndProject
Project("{9A19103F-16F7-4668-BE54-9A1E7A4F7556}") = "Sukt.Aop", "src\Sukt.Aop\Sukt.Aop.csproj", "{B8DF671D-70EB-420C-8911-7A26E0082CA7}"
EndProject
Project("{9A19103F-16F7-4668-BE54-9A1E7A4F7556}") = "Sukt.Redis", "src\Sukt.Redis\Sukt.Redis.csproj", "{B0D75B6D-2892-48C4-833A-123D8B92702E}"
EndProject
Project("{9A19103F-16F7-4668-BE54-9A1E7A4F7556}") = "Sukt.Tests", "test\Sukt.Tests\Sukt.Tests.csproj", "{7C2374E8-D7AD-47D4-896A-A90F4B6B82C7}"
EndProject
Project("{2150E333-8FDC-42A3-9474-1A3956D46DE8}") = "tests", "tests", "{45EE9008-E96B-433C-8317-7FFAC44B89FF}"
EndProject
Project("{9A19103F-16F7-4668-BE54-9A1E7A4F7556}") = "Sukt.WebSocketServer", "src\Sukt.WebSocketServer\Sukt.WebSocketServer.csproj", "{E7254C24-80A4-4E7B-9B91-D4E2B0A6DDB1}"
EndProject
Project("{2150E333-8FDC-42A3-9474-1A3956D46DE8}") = "samples", "samples", "{AEDDE7F2-6A21-4C3B-97D6-1FF700F88EE5}"
EndProject
Project("{9A19103F-16F7-4668-BE54-9A1E7A4F7556}") = "SuktMQCAP.RabbitMQ", "samples\SuktMQCAP.RabbitMQ\SuktMQCAP.RabbitMQ.csproj", "{F0A84706-B0CC-4A28-B625-3F600B14A7B3}"
EndProject
Project("{9A19103F-16F7-4668-BE54-9A1E7A4F7556}") = "Sukt.MQTransaction", "src\Sukt.MQTransaction\Sukt.MQTransaction.csproj", "{D95E4510-B812-433C-B2E5-809E6831DD67}"
EndProject
Project("{9A19103F-16F7-4668-BE54-9A1E7A4F7556}") = "Sukt.MQTransaction.RabbitMQ", "src\Sukt.MQTransaction.RabbitMQ\Sukt.MQTransaction.RabbitMQ.csproj", "{09ECBEEF-5D9A-4DE1-AEAB-4BE80752217E}"
EndProject
Project("{2150E333-8FDC-42A3-9474-1A3956D46DE8}") = "Sukt.MQBus", "Sukt.MQBus", "{1B471229-B872-4E9C-B410-E10D3C1E0918}"
EndProject
Project("{9A19103F-16F7-4668-BE54-9A1E7A4F7556}") = "Sukt.MQTransaction.RedisStroe", "src\Sukt.MQTransaction.RedisStroe\Sukt.MQTransaction.RedisStroe.csproj", "{2D6850AD-DFF6-4DAF-B19C-7DBD6792EECF}"
EndProject
Project("{2150E333-8FDC-42A3-9474-1A3956D46DE8}") = "websocket", "websocket", "{823ED600-8F0E-4F55-9FFE-32DEF85890DE}"
EndProject
Project("{9A19103F-16F7-4668-BE54-9A1E7A4F7556}") = "Sukt.WebSocket.Client", "samples\Sukt.WebSocket.Client\Sukt.WebSocket.Client.csproj", "{390CAE3B-4F67-46C3-BC68-50DC094EE4E3}"
EndProject
Project("{2150E333-8FDC-42A3-9474-1A3956D46DE8}") = "Core", "Core", "{21C6796E-AF4E-4492-925A-BF28F176DF57}"
EndProject
Project("{9A19103F-16F7-4668-BE54-9A1E7A4F7556}") = "Sukt.WebSocketServer.Demo", "samples\Sukt.WebSocketServer.Demo\Sukt.WebSocketServer.Demo.csproj", "{D9172BDD-2692-4134-A7F7-7DCABA56C8EF}"
EndProject
Project("{2150E333-8FDC-42A3-9474-1A3956D46DE8}") = "gateway", "gateway", "{E4C09CC0-8B44-4ACB-9717-A34BE31A378E}"
EndProject
Project("{2150E333-8FDC-42A3-9474-1A3956D46DE8}") = "gateway", "gateway", "{73FD1975-D39A-46D8-A0F0-1B860F4358B2}"
EndProject
Project("{9A19103F-16F7-4668-BE54-9A1E7A4F7556}") = "Sukt.ReverseProxy.ApiGateWay", "samples\Sukt.ReverseProxy.ApiGateWay\Sukt.ReverseProxy.ApiGateWay.csproj", "{CAF3ACBD-CA3B-4D39-B9DD-F434FBC7CACB}"
EndProject
Project("{2150E333-8FDC-42A3-9474-1A3956D46DE8}") = "EntityFrameworkCore", "EntityFrameworkCore", "{02F8C9FD-4E38-46CE-A733-CC17A545FF15}"
EndProject
Project("{2150E333-8FDC-42A3-9474-1A3956D46DE8}") = "Infrastructure", "Infrastructure", "{64F67F6E-E224-4484-BC0C-7FCEE79200FB}"
EndProject
Project("{2150E333-8FDC-42A3-9474-1A3956D46DE8}") = "MongoDB", "MongoDB", "{09C66780-CE0B-467F-B071-4DC196FF18E1}"
EndProject
Project("{2150E333-8FDC-42A3-9474-1A3956D46DE8}") = "Cache", "Cache", "{4B93B8B3-DA1A-428F-8656-8AF3349C9485}"
EndProject
Project("{2150E333-8FDC-42A3-9474-1A3956D46DE8}") = "WebSocket", "WebSocket", "{127B9E02-B9EA-4CE4-BC0D-E2C54DC326E7}"
EndProject
Project("{9A19103F-16F7-4668-BE54-9A1E7A4F7556}") = "Sukt.AspNetCore", "src\Sukt.AspNetCore\Sukt.AspNetCore.csproj", "{266C70B2-67F4-484E-9EA4-83225EEB80DB}"
EndProject
Project("{2150E333-8FDC-42A3-9474-1A3956D46DE8}") = "SeriLog", "SeriLog", "{EF2848BD-114B-4D13-9A08-61F5E8D5F61E}"
EndProject
Project("{2150E333-8FDC-42A3-9474-1A3956D46DE8}") = "Swagger", "Swagger", "{C52523F8-3B13-43ED-96B5-5E01554D883B}"
EndProject
Project("{2150E333-8FDC-42A3-9474-1A3956D46DE8}") = "Test", "Test", "{DC4AC2FA-9696-4E06-90C4-5E693E7F9215}"
EndProject
Project("{9A19103F-16F7-4668-BE54-9A1E7A4F7556}") = "Sukt.Sample.Api", "samples\Sukt.Sample.Api\Sukt.Sample.Api.csproj", "{6EA34326-0919-48AB-B2ED-23FF81E60BB5}"
EndProject
Project("{2150E333-8FDC-42A3-9474-1A3956D46DE8}") = "MultiTenancy", "MultiTenancy", "{CD1324DD-7E67-4E4E-9484-6977AEC504AF}"
EndProject
Project("{9A19103F-16F7-4668-BE54-9A1E7A4F7556}") = "Sukt.MultiTenancy", "src\Sukt.MultiTenancy\Sukt.MultiTenancy.csproj", "{127FFD73-4D91-41B9-A80C-61F811122591}"
EndProject
Global
	GlobalSection(SolutionConfigurationPlatforms) = preSolution
		Debug|Any CPU = Debug|Any CPU
		Release|Any CPU = Release|Any CPU
	EndGlobalSection
	GlobalSection(ProjectConfigurationPlatforms) = postSolution
		{DA69384D-2B6A-4BEB-8A77-99C3B05F37CF}.Debug|Any CPU.ActiveCfg = Debug|Any CPU
		{DA69384D-2B6A-4BEB-8A77-99C3B05F37CF}.Debug|Any CPU.Build.0 = Debug|Any CPU
		{DA69384D-2B6A-4BEB-8A77-99C3B05F37CF}.Release|Any CPU.ActiveCfg = Release|Any CPU
		{DA69384D-2B6A-4BEB-8A77-99C3B05F37CF}.Release|Any CPU.Build.0 = Release|Any CPU
		{667951A5-C1F3-4E97-8979-4F8A22A6E543}.Debug|Any CPU.ActiveCfg = Debug|Any CPU
		{667951A5-C1F3-4E97-8979-4F8A22A6E543}.Debug|Any CPU.Build.0 = Debug|Any CPU
		{667951A5-C1F3-4E97-8979-4F8A22A6E543}.Release|Any CPU.ActiveCfg = Release|Any CPU
		{667951A5-C1F3-4E97-8979-4F8A22A6E543}.Release|Any CPU.Build.0 = Release|Any CPU
		{952834BA-DE55-4917-B128-B8783D5C980B}.Debug|Any CPU.ActiveCfg = Debug|Any CPU
		{952834BA-DE55-4917-B128-B8783D5C980B}.Debug|Any CPU.Build.0 = Debug|Any CPU
		{952834BA-DE55-4917-B128-B8783D5C980B}.Release|Any CPU.ActiveCfg = Release|Any CPU
		{952834BA-DE55-4917-B128-B8783D5C980B}.Release|Any CPU.Build.0 = Release|Any CPU
		{4A8F3750-FF1A-46FF-87A1-BECE6BA357A0}.Debug|Any CPU.ActiveCfg = Debug|Any CPU
		{4A8F3750-FF1A-46FF-87A1-BECE6BA357A0}.Debug|Any CPU.Build.0 = Debug|Any CPU
		{4A8F3750-FF1A-46FF-87A1-BECE6BA357A0}.Release|Any CPU.ActiveCfg = Release|Any CPU
		{4A8F3750-FF1A-46FF-87A1-BECE6BA357A0}.Release|Any CPU.Build.0 = Release|Any CPU
		{06C157B4-EB9E-49A2-84B8-B33D1DCF8B17}.Debug|Any CPU.ActiveCfg = Debug|Any CPU
		{06C157B4-EB9E-49A2-84B8-B33D1DCF8B17}.Debug|Any CPU.Build.0 = Debug|Any CPU
		{06C157B4-EB9E-49A2-84B8-B33D1DCF8B17}.Release|Any CPU.ActiveCfg = Release|Any CPU
		{06C157B4-EB9E-49A2-84B8-B33D1DCF8B17}.Release|Any CPU.Build.0 = Release|Any CPU
		{B84973ED-22F0-4AFD-B138-931A506CFB53}.Debug|Any CPU.ActiveCfg = Debug|Any CPU
		{B84973ED-22F0-4AFD-B138-931A506CFB53}.Debug|Any CPU.Build.0 = Debug|Any CPU
		{B84973ED-22F0-4AFD-B138-931A506CFB53}.Release|Any CPU.ActiveCfg = Release|Any CPU
		{B84973ED-22F0-4AFD-B138-931A506CFB53}.Release|Any CPU.Build.0 = Release|Any CPU
		{AFA2C586-54CF-4AE5-8CE2-43343E04CB5B}.Debug|Any CPU.ActiveCfg = Debug|Any CPU
		{AFA2C586-54CF-4AE5-8CE2-43343E04CB5B}.Debug|Any CPU.Build.0 = Debug|Any CPU
		{AFA2C586-54CF-4AE5-8CE2-43343E04CB5B}.Release|Any CPU.ActiveCfg = Release|Any CPU
		{AFA2C586-54CF-4AE5-8CE2-43343E04CB5B}.Release|Any CPU.Build.0 = Release|Any CPU
		{88337B1A-7593-45DB-9556-6F45D3B53A27}.Debug|Any CPU.ActiveCfg = Debug|Any CPU
		{88337B1A-7593-45DB-9556-6F45D3B53A27}.Debug|Any CPU.Build.0 = Debug|Any CPU
		{88337B1A-7593-45DB-9556-6F45D3B53A27}.Release|Any CPU.ActiveCfg = Release|Any CPU
		{88337B1A-7593-45DB-9556-6F45D3B53A27}.Release|Any CPU.Build.0 = Release|Any CPU
		{B8DF671D-70EB-420C-8911-7A26E0082CA7}.Debug|Any CPU.ActiveCfg = Debug|Any CPU
		{B8DF671D-70EB-420C-8911-7A26E0082CA7}.Debug|Any CPU.Build.0 = Debug|Any CPU
		{B8DF671D-70EB-420C-8911-7A26E0082CA7}.Release|Any CPU.ActiveCfg = Release|Any CPU
		{B8DF671D-70EB-420C-8911-7A26E0082CA7}.Release|Any CPU.Build.0 = Release|Any CPU
		{B0D75B6D-2892-48C4-833A-123D8B92702E}.Debug|Any CPU.ActiveCfg = Debug|Any CPU
		{B0D75B6D-2892-48C4-833A-123D8B92702E}.Debug|Any CPU.Build.0 = Debug|Any CPU
		{B0D75B6D-2892-48C4-833A-123D8B92702E}.Release|Any CPU.ActiveCfg = Release|Any CPU
		{B0D75B6D-2892-48C4-833A-123D8B92702E}.Release|Any CPU.Build.0 = Release|Any CPU
		{7C2374E8-D7AD-47D4-896A-A90F4B6B82C7}.Debug|Any CPU.ActiveCfg = Debug|Any CPU
		{7C2374E8-D7AD-47D4-896A-A90F4B6B82C7}.Debug|Any CPU.Build.0 = Debug|Any CPU
		{7C2374E8-D7AD-47D4-896A-A90F4B6B82C7}.Release|Any CPU.ActiveCfg = Release|Any CPU
		{7C2374E8-D7AD-47D4-896A-A90F4B6B82C7}.Release|Any CPU.Build.0 = Release|Any CPU
		{E7254C24-80A4-4E7B-9B91-D4E2B0A6DDB1}.Debug|Any CPU.ActiveCfg = Debug|Any CPU
		{E7254C24-80A4-4E7B-9B91-D4E2B0A6DDB1}.Debug|Any CPU.Build.0 = Debug|Any CPU
		{E7254C24-80A4-4E7B-9B91-D4E2B0A6DDB1}.Release|Any CPU.ActiveCfg = Release|Any CPU
		{E7254C24-80A4-4E7B-9B91-D4E2B0A6DDB1}.Release|Any CPU.Build.0 = Release|Any CPU
		{F0A84706-B0CC-4A28-B625-3F600B14A7B3}.Debug|Any CPU.ActiveCfg = Debug|Any CPU
		{F0A84706-B0CC-4A28-B625-3F600B14A7B3}.Debug|Any CPU.Build.0 = Debug|Any CPU
		{F0A84706-B0CC-4A28-B625-3F600B14A7B3}.Release|Any CPU.ActiveCfg = Release|Any CPU
		{F0A84706-B0CC-4A28-B625-3F600B14A7B3}.Release|Any CPU.Build.0 = Release|Any CPU
		{D95E4510-B812-433C-B2E5-809E6831DD67}.Debug|Any CPU.ActiveCfg = Debug|Any CPU
		{D95E4510-B812-433C-B2E5-809E6831DD67}.Debug|Any CPU.Build.0 = Debug|Any CPU
		{D95E4510-B812-433C-B2E5-809E6831DD67}.Release|Any CPU.ActiveCfg = Release|Any CPU
		{D95E4510-B812-433C-B2E5-809E6831DD67}.Release|Any CPU.Build.0 = Release|Any CPU
		{09ECBEEF-5D9A-4DE1-AEAB-4BE80752217E}.Debug|Any CPU.ActiveCfg = Debug|Any CPU
		{09ECBEEF-5D9A-4DE1-AEAB-4BE80752217E}.Debug|Any CPU.Build.0 = Debug|Any CPU
		{09ECBEEF-5D9A-4DE1-AEAB-4BE80752217E}.Release|Any CPU.ActiveCfg = Release|Any CPU
		{09ECBEEF-5D9A-4DE1-AEAB-4BE80752217E}.Release|Any CPU.Build.0 = Release|Any CPU
		{2D6850AD-DFF6-4DAF-B19C-7DBD6792EECF}.Debug|Any CPU.ActiveCfg = Debug|Any CPU
		{2D6850AD-DFF6-4DAF-B19C-7DBD6792EECF}.Debug|Any CPU.Build.0 = Debug|Any CPU
		{2D6850AD-DFF6-4DAF-B19C-7DBD6792EECF}.Release|Any CPU.ActiveCfg = Release|Any CPU
		{2D6850AD-DFF6-4DAF-B19C-7DBD6792EECF}.Release|Any CPU.Build.0 = Release|Any CPU
		{390CAE3B-4F67-46C3-BC68-50DC094EE4E3}.Debug|Any CPU.ActiveCfg = Debug|Any CPU
		{390CAE3B-4F67-46C3-BC68-50DC094EE4E3}.Debug|Any CPU.Build.0 = Debug|Any CPU
		{390CAE3B-4F67-46C3-BC68-50DC094EE4E3}.Release|Any CPU.ActiveCfg = Release|Any CPU
		{390CAE3B-4F67-46C3-BC68-50DC094EE4E3}.Release|Any CPU.Build.0 = Release|Any CPU
		{D9172BDD-2692-4134-A7F7-7DCABA56C8EF}.Debug|Any CPU.ActiveCfg = Debug|Any CPU
		{D9172BDD-2692-4134-A7F7-7DCABA56C8EF}.Debug|Any CPU.Build.0 = Debug|Any CPU
		{D9172BDD-2692-4134-A7F7-7DCABA56C8EF}.Release|Any CPU.ActiveCfg = Release|Any CPU
		{D9172BDD-2692-4134-A7F7-7DCABA56C8EF}.Release|Any CPU.Build.0 = Release|Any CPU
		{CAF3ACBD-CA3B-4D39-B9DD-F434FBC7CACB}.Debug|Any CPU.ActiveCfg = Debug|Any CPU
		{CAF3ACBD-CA3B-4D39-B9DD-F434FBC7CACB}.Debug|Any CPU.Build.0 = Debug|Any CPU
		{CAF3ACBD-CA3B-4D39-B9DD-F434FBC7CACB}.Release|Any CPU.ActiveCfg = Release|Any CPU
		{CAF3ACBD-CA3B-4D39-B9DD-F434FBC7CACB}.Release|Any CPU.Build.0 = Release|Any CPU
		{266C70B2-67F4-484E-9EA4-83225EEB80DB}.Debug|Any CPU.ActiveCfg = Debug|Any CPU
		{266C70B2-67F4-484E-9EA4-83225EEB80DB}.Debug|Any CPU.Build.0 = Debug|Any CPU
		{266C70B2-67F4-484E-9EA4-83225EEB80DB}.Release|Any CPU.ActiveCfg = Release|Any CPU
		{266C70B2-67F4-484E-9EA4-83225EEB80DB}.Release|Any CPU.Build.0 = Release|Any CPU
		{6EA34326-0919-48AB-B2ED-23FF81E60BB5}.Debug|Any CPU.ActiveCfg = Debug|Any CPU
		{6EA34326-0919-48AB-B2ED-23FF81E60BB5}.Debug|Any CPU.Build.0 = Debug|Any CPU
		{6EA34326-0919-48AB-B2ED-23FF81E60BB5}.Release|Any CPU.ActiveCfg = Release|Any CPU
		{6EA34326-0919-48AB-B2ED-23FF81E60BB5}.Release|Any CPU.Build.0 = Release|Any CPU
		{127FFD73-4D91-41B9-A80C-61F811122591}.Debug|Any CPU.ActiveCfg = Debug|Any CPU
		{127FFD73-4D91-41B9-A80C-61F811122591}.Debug|Any CPU.Build.0 = Debug|Any CPU
		{127FFD73-4D91-41B9-A80C-61F811122591}.Release|Any CPU.ActiveCfg = Release|Any CPU
		{127FFD73-4D91-41B9-A80C-61F811122591}.Release|Any CPU.Build.0 = Release|Any CPU
	EndGlobalSection
	GlobalSection(SolutionProperties) = preSolution
		HideSolutionNode = FALSE
	EndGlobalSection
	GlobalSection(NestedProjects) = preSolution
		{DA69384D-2B6A-4BEB-8A77-99C3B05F37CF} = {21C6796E-AF4E-4492-925A-BF28F176DF57}
		{667951A5-C1F3-4E97-8979-4F8A22A6E543} = {02F8C9FD-4E38-46CE-A733-CC17A545FF15}
		{952834BA-DE55-4917-B128-B8783D5C980B} = {64F67F6E-E224-4484-BC0C-7FCEE79200FB}
		{4A8F3750-FF1A-46FF-87A1-BECE6BA357A0} = {DC4AC2FA-9696-4E06-90C4-5E693E7F9215}
		{06C157B4-EB9E-49A2-84B8-B33D1DCF8B17} = {C52523F8-3B13-43ED-96B5-5E01554D883B}
		{B84973ED-22F0-4AFD-B138-931A506CFB53} = {EF2848BD-114B-4D13-9A08-61F5E8D5F61E}
		{AFA2C586-54CF-4AE5-8CE2-43343E04CB5B} = {09C66780-CE0B-467F-B071-4DC196FF18E1}
		{88337B1A-7593-45DB-9556-6F45D3B53A27} = {64F67F6E-E224-4484-BC0C-7FCEE79200FB}
		{B8DF671D-70EB-420C-8911-7A26E0082CA7} = {64F67F6E-E224-4484-BC0C-7FCEE79200FB}
		{B0D75B6D-2892-48C4-833A-123D8B92702E} = {4B93B8B3-DA1A-428F-8656-8AF3349C9485}
		{7C2374E8-D7AD-47D4-896A-A90F4B6B82C7} = {45EE9008-E96B-433C-8317-7FFAC44B89FF}
		{E7254C24-80A4-4E7B-9B91-D4E2B0A6DDB1} = {127B9E02-B9EA-4CE4-BC0D-E2C54DC326E7}
		{F0A84706-B0CC-4A28-B625-3F600B14A7B3} = {AEDDE7F2-6A21-4C3B-97D6-1FF700F88EE5}
		{D95E4510-B812-433C-B2E5-809E6831DD67} = {1B471229-B872-4E9C-B410-E10D3C1E0918}
		{09ECBEEF-5D9A-4DE1-AEAB-4BE80752217E} = {1B471229-B872-4E9C-B410-E10D3C1E0918}
		{1B471229-B872-4E9C-B410-E10D3C1E0918} = {21C6796E-AF4E-4492-925A-BF28F176DF57}
		{2D6850AD-DFF6-4DAF-B19C-7DBD6792EECF} = {1B471229-B872-4E9C-B410-E10D3C1E0918}
		{823ED600-8F0E-4F55-9FFE-32DEF85890DE} = {AEDDE7F2-6A21-4C3B-97D6-1FF700F88EE5}
		{390CAE3B-4F67-46C3-BC68-50DC094EE4E3} = {127B9E02-B9EA-4CE4-BC0D-E2C54DC326E7}
		{D9172BDD-2692-4134-A7F7-7DCABA56C8EF} = {823ED600-8F0E-4F55-9FFE-32DEF85890DE}
		{73FD1975-D39A-46D8-A0F0-1B860F4358B2} = {AEDDE7F2-6A21-4C3B-97D6-1FF700F88EE5}
		{CAF3ACBD-CA3B-4D39-B9DD-F434FBC7CACB} = {73FD1975-D39A-46D8-A0F0-1B860F4358B2}
		{02F8C9FD-4E38-46CE-A733-CC17A545FF15} = {21C6796E-AF4E-4492-925A-BF28F176DF57}
		{64F67F6E-E224-4484-BC0C-7FCEE79200FB} = {21C6796E-AF4E-4492-925A-BF28F176DF57}
		{09C66780-CE0B-467F-B071-4DC196FF18E1} = {64F67F6E-E224-4484-BC0C-7FCEE79200FB}
		{4B93B8B3-DA1A-428F-8656-8AF3349C9485} = {64F67F6E-E224-4484-BC0C-7FCEE79200FB}
		{127B9E02-B9EA-4CE4-BC0D-E2C54DC326E7} = {64F67F6E-E224-4484-BC0C-7FCEE79200FB}
		{266C70B2-67F4-484E-9EA4-83225EEB80DB} = {21C6796E-AF4E-4492-925A-BF28F176DF57}
		{EF2848BD-114B-4D13-9A08-61F5E8D5F61E} = {64F67F6E-E224-4484-BC0C-7FCEE79200FB}
		{C52523F8-3B13-43ED-96B5-5E01554D883B} = {64F67F6E-E224-4484-BC0C-7FCEE79200FB}
		{DC4AC2FA-9696-4E06-90C4-5E693E7F9215} = {64F67F6E-E224-4484-BC0C-7FCEE79200FB}
		{6EA34326-0919-48AB-B2ED-23FF81E60BB5} = {AEDDE7F2-6A21-4C3B-97D6-1FF700F88EE5}
		{CD1324DD-7E67-4E4E-9484-6977AEC504AF} = {64F67F6E-E224-4484-BC0C-7FCEE79200FB}
		{127FFD73-4D91-41B9-A80C-61F811122591} = {CD1324DD-7E67-4E4E-9484-6977AEC504AF}
	EndGlobalSection
	GlobalSection(ExtensibilityGlobals) = postSolution
		SolutionGuid = {70FF5DA8-A0A5-4D80-8423-8316BF74DACE}
	EndGlobalSection
EndGlobal
