
Microsoft Visual Studio Solution File, Format Version 12.00
# Visual Studio Version 17
VisualStudioVersion = 17.0.32112.339
MinimumVisualStudioVersion = 10.0.40219.1
Project("{2150E333-8FDC-42A3-9474-1A3956D46DE8}") = "1.Presentation", "1.Presentation", "{C6138FED-CE09-42BB-BC7E-4C4549A1ADFE}"
EndProject
Project("{2150E333-8FDC-42A3-9474-1A3956D46DE8}") = "2.Application", "2.Application", "{EFAAEC1A-B2AA-4E21-8CC9-75710C3FAAC8}"
EndProject
Project("{2150E333-8FDC-42A3-9474-1A3956D46DE8}") = "3.Domain", "3.Domain", "{D71F3470-4877-421A-96F6-7E8CDC02725D}"
EndProject
Project("{2150E333-8FDC-42A3-9474-1A3956D46DE8}") = "4.Infrastructure", "4.Infrastructure", "{243185F8-350A-4BD1-97F4-B97FA34A9B8A}"
EndProject
Project("{9A19103F-16F7-4668-BE54-9A1E7A4F7556}") = "Sukt.PermissionManagement.EntityFrameworkCore", "src\Sukt.PermissionManagement.EntityFrameworkCore\Sukt.PermissionManagement.EntityFrameworkCore.csproj", "{E27FF2A3-BDED-4335-8556-DCD3C5BC82B6}"
EndProject
Project("{9A19103F-16F7-4668-BE54-9A1E7A4F7556}") = "Sukt.PermissionManagement.Domain", "src\Sukt.PermissionManagement.Domain\Sukt.PermissionManagement.Domain.csproj", "{7F4DE166-7715-4097-A051-765FFE9D8D88}"
EndProject
Project("{9A19103F-16F7-4668-BE54-9A1E7A4F7556}") = "Sukt.PermissionManagement.Application", "src\Sukt.PermissionManagement.Application\Sukt.PermissionManagement.Application.csproj", "{9E73874F-58B1-4C0E-AA42-CF5CC96E39EB}"
EndProject
Project("{9A19103F-16F7-4668-BE54-9A1E7A4F7556}") = "Sukt.PermissionManagement.Query", "src\Sukt.PermissionManagement.Query\Sukt.PermissionManagement.Query.csproj", "{8C81E596-004E-44EC-AEBF-1F76E59D8042}"
EndProject
Project("{9A19103F-16F7-4668-BE54-9A1E7A4F7556}") = "Sukt.PermissionManagement.Dto", "src\Sukt.PermissionManagement.Dto\Sukt.PermissionManagement.Dto.csproj", "{E9C3355B-D6B6-4E1C-84F9-DFD1B7317315}"
EndProject
Project("{9A19103F-16F7-4668-BE54-9A1E7A4F7556}") = "Sukt.PermissionManagement.Domain.Shared", "src\Sukt.PermissionManagement.Domain.Shared\Sukt.PermissionManagement.Domain.Shared.csproj", "{1A2CAC80-4224-4E46-8229-7B5B1DF3E725}"
EndProject
Project("{9A19103F-16F7-4668-BE54-9A1E7A4F7556}") = "Sukt.PermissionManagement.Api", "src\Sukt.PermissionManagement.Api\Sukt.PermissionManagement.Api.csproj", "{FECFC5F4-28D4-4EAC-B46C-2888C2ED9C07}"
EndProject
Project("{9A19103F-16F7-4668-BE54-9A1E7A4F7556}") = "Sukt.Module.Core", "..\..\Framework\src\Sukt.Module.Core\Sukt.Module.Core.csproj", "{08DE0FDE-0365-40A4-8353-BAB710E388B1}"
EndProject
Project("{9A19103F-16F7-4668-BE54-9A1E7A4F7556}") = "Sukt.EntityFrameworkCore", "..\..\Framework\src\Sukt.EntityFrameworkCore\Sukt.EntityFrameworkCore.csproj", "{DD05024B-FDDC-4ED9-B06F-48182792746A}"
EndProject
Project("{9A19103F-16F7-4668-BE54-9A1E7A4F7556}") = "Sukt.Swagger", "..\..\Framework\src\Sukt.Swagger\Sukt.Swagger.csproj", "{8CDC86B3-EB04-422C-BF00-DBA7E0D1C101}"
EndProject
Project("{9A19103F-16F7-4668-BE54-9A1E7A4F7556}") = "Sukt.SeriLog", "..\..\Framework\src\Sukt.SeriLog\Sukt.SeriLog.csproj", "{9569F206-E868-40DC-9836-32EA364049DB}"
EndProject
Project("{9A19103F-16F7-4668-BE54-9A1E7A4F7556}") = "Sukt.AspNetCore", "..\..\Framework\src\Sukt.AspNetCore\Sukt.AspNetCore.csproj", "{2E3E30C8-13AD-4ABD-B9D8-7E292818315F}"
EndProject
Global
	GlobalSection(SolutionConfigurationPlatforms) = preSolution
		Debug|Any CPU = Debug|Any CPU
		Release|Any CPU = Release|Any CPU
	EndGlobalSection
	GlobalSection(ProjectConfigurationPlatforms) = postSolution
		{E27FF2A3-BDED-4335-8556-DCD3C5BC82B6}.Debug|Any CPU.ActiveCfg = Debug|Any CPU
		{E27FF2A3-BDED-4335-8556-DCD3C5BC82B6}.Debug|Any CPU.Build.0 = Debug|Any CPU
		{E27FF2A3-BDED-4335-8556-DCD3C5BC82B6}.Release|Any CPU.ActiveCfg = Release|Any CPU
		{E27FF2A3-BDED-4335-8556-DCD3C5BC82B6}.Release|Any CPU.Build.0 = Release|Any CPU
		{7F4DE166-7715-4097-A051-765FFE9D8D88}.Debug|Any CPU.ActiveCfg = Debug|Any CPU
		{7F4DE166-7715-4097-A051-765FFE9D8D88}.Debug|Any CPU.Build.0 = Debug|Any CPU
		{7F4DE166-7715-4097-A051-765FFE9D8D88}.Release|Any CPU.ActiveCfg = Release|Any CPU
		{7F4DE166-7715-4097-A051-765FFE9D8D88}.Release|Any CPU.Build.0 = Release|Any CPU
		{9E73874F-58B1-4C0E-AA42-CF5CC96E39EB}.Debug|Any CPU.ActiveCfg = Debug|Any CPU
		{9E73874F-58B1-4C0E-AA42-CF5CC96E39EB}.Debug|Any CPU.Build.0 = Debug|Any CPU
		{9E73874F-58B1-4C0E-AA42-CF5CC96E39EB}.Release|Any CPU.ActiveCfg = Release|Any CPU
		{9E73874F-58B1-4C0E-AA42-CF5CC96E39EB}.Release|Any CPU.Build.0 = Release|Any CPU
		{8C81E596-004E-44EC-AEBF-1F76E59D8042}.Debug|Any CPU.ActiveCfg = Debug|Any CPU
		{8C81E596-004E-44EC-AEBF-1F76E59D8042}.Debug|Any CPU.Build.0 = Debug|Any CPU
		{8C81E596-004E-44EC-AEBF-1F76E59D8042}.Release|Any CPU.ActiveCfg = Release|Any CPU
		{8C81E596-004E-44EC-AEBF-1F76E59D8042}.Release|Any CPU.Build.0 = Release|Any CPU
		{E9C3355B-D6B6-4E1C-84F9-DFD1B7317315}.Debug|Any CPU.ActiveCfg = Debug|Any CPU
		{E9C3355B-D6B6-4E1C-84F9-DFD1B7317315}.Debug|Any CPU.Build.0 = Debug|Any CPU
		{E9C3355B-D6B6-4E1C-84F9-DFD1B7317315}.Release|Any CPU.ActiveCfg = Release|Any CPU
		{E9C3355B-D6B6-4E1C-84F9-DFD1B7317315}.Release|Any CPU.Build.0 = Release|Any CPU
		{1A2CAC80-4224-4E46-8229-7B5B1DF3E725}.Debug|Any CPU.ActiveCfg = Debug|Any CPU
		{1A2CAC80-4224-4E46-8229-7B5B1DF3E725}.Debug|Any CPU.Build.0 = Debug|Any CPU
		{1A2CAC80-4224-4E46-8229-7B5B1DF3E725}.Release|Any CPU.ActiveCfg = Release|Any CPU
		{1A2CAC80-4224-4E46-8229-7B5B1DF3E725}.Release|Any CPU.Build.0 = Release|Any CPU
		{FECFC5F4-28D4-4EAC-B46C-2888C2ED9C07}.Debug|Any CPU.ActiveCfg = Debug|Any CPU
		{FECFC5F4-28D4-4EAC-B46C-2888C2ED9C07}.Debug|Any CPU.Build.0 = Debug|Any CPU
		{FECFC5F4-28D4-4EAC-B46C-2888C2ED9C07}.Release|Any CPU.ActiveCfg = Release|Any CPU
		{FECFC5F4-28D4-4EAC-B46C-2888C2ED9C07}.Release|Any CPU.Build.0 = Release|Any CPU
		{08DE0FDE-0365-40A4-8353-BAB710E388B1}.Debug|Any CPU.ActiveCfg = Debug|Any CPU
		{08DE0FDE-0365-40A4-8353-BAB710E388B1}.Debug|Any CPU.Build.0 = Debug|Any CPU
		{08DE0FDE-0365-40A4-8353-BAB710E388B1}.Release|Any CPU.ActiveCfg = Release|Any CPU
		{08DE0FDE-0365-40A4-8353-BAB710E388B1}.Release|Any CPU.Build.0 = Release|Any CPU
		{DD05024B-FDDC-4ED9-B06F-48182792746A}.Debug|Any CPU.ActiveCfg = Debug|Any CPU
		{DD05024B-FDDC-4ED9-B06F-48182792746A}.Debug|Any CPU.Build.0 = Debug|Any CPU
		{DD05024B-FDDC-4ED9-B06F-48182792746A}.Release|Any CPU.ActiveCfg = Release|Any CPU
		{DD05024B-FDDC-4ED9-B06F-48182792746A}.Release|Any CPU.Build.0 = Release|Any CPU
		{8CDC86B3-EB04-422C-BF00-DBA7E0D1C101}.Debug|Any CPU.ActiveCfg = Debug|Any CPU
		{8CDC86B3-EB04-422C-BF00-DBA7E0D1C101}.Debug|Any CPU.Build.0 = Debug|Any CPU
		{8CDC86B3-EB04-422C-BF00-DBA7E0D1C101}.Release|Any CPU.ActiveCfg = Release|Any CPU
		{8CDC86B3-EB04-422C-BF00-DBA7E0D1C101}.Release|Any CPU.Build.0 = Release|Any CPU
		{9569F206-E868-40DC-9836-32EA364049DB}.Debug|Any CPU.ActiveCfg = Debug|Any CPU
		{9569F206-E868-40DC-9836-32EA364049DB}.Debug|Any CPU.Build.0 = Debug|Any CPU
		{9569F206-E868-40DC-9836-32EA364049DB}.Release|Any CPU.ActiveCfg = Release|Any CPU
		{9569F206-E868-40DC-9836-32EA364049DB}.Release|Any CPU.Build.0 = Release|Any CPU
		{2E3E30C8-13AD-4ABD-B9D8-7E292818315F}.Debug|Any CPU.ActiveCfg = Debug|Any CPU
		{2E3E30C8-13AD-4ABD-B9D8-7E292818315F}.Debug|Any CPU.Build.0 = Debug|Any CPU
		{2E3E30C8-13AD-4ABD-B9D8-7E292818315F}.Release|Any CPU.ActiveCfg = Release|Any CPU
		{2E3E30C8-13AD-4ABD-B9D8-7E292818315F}.Release|Any CPU.Build.0 = Release|Any CPU
	EndGlobalSection
	GlobalSection(SolutionProperties) = preSolution
		HideSolutionNode = FALSE
	EndGlobalSection
	GlobalSection(NestedProjects) = preSolution
		{E27FF2A3-BDED-4335-8556-DCD3C5BC82B6} = {243185F8-350A-4BD1-97F4-B97FA34A9B8A}
		{7F4DE166-7715-4097-A051-765FFE9D8D88} = {D71F3470-4877-421A-96F6-7E8CDC02725D}
		{9E73874F-58B1-4C0E-AA42-CF5CC96E39EB} = {EFAAEC1A-B2AA-4E21-8CC9-75710C3FAAC8}
		{8C81E596-004E-44EC-AEBF-1F76E59D8042} = {EFAAEC1A-B2AA-4E21-8CC9-75710C3FAAC8}
		{E9C3355B-D6B6-4E1C-84F9-DFD1B7317315} = {EFAAEC1A-B2AA-4E21-8CC9-75710C3FAAC8}
		{1A2CAC80-4224-4E46-8229-7B5B1DF3E725} = {D71F3470-4877-421A-96F6-7E8CDC02725D}
		{FECFC5F4-28D4-4EAC-B46C-2888C2ED9C07} = {C6138FED-CE09-42BB-BC7E-4C4549A1ADFE}
	EndGlobalSection
	GlobalSection(ExtensibilityGlobals) = postSolution
		SolutionGuid = {D2DD69B1-B782-4296-B27F-D1072D9DC5B7}
	EndGlobalSection
EndGlobal
